
Microsoft Visual Studio Solution File, Format Version 12.00
# Visual Studio 15
VisualStudioVersion = 15.0.28307.1000
MinimumVisualStudioVersion = 10.0.40219.1
Project("{FAE04EC0-301F-11D3-BF4B-00C04F79EFBC}") = "VIN_LIB", "VIN_LIB\VIN_LIB.csproj", "{45194B29-D0EE-4B62-88A6-0A4B81E55EB3}"
EndProject
Global
	GlobalSection(SolutionConfigurationPlatforms) = preSolution
		Debug|Any CPU = Debug|Any CPU
		Release|Any CPU = Release|Any CPU
	EndGlobalSection
	GlobalSection(ProjectConfigurationPlatforms) = postSolution
		{45194B29-D0EE-4B62-88A6-0A4B81E55EB3}.Debug|Any CPU.ActiveCfg = Debug|Any CPU
		{45194B29-D0EE-4B62-88A6-0A4B81E55EB3}.Debug|Any CPU.Build.0 = Debug|Any CPU
		{45194B29-D0EE-4B62-88A6-0A4B81E55EB3}.Release|Any CPU.ActiveCfg = Release|Any CPU
		{45194B29-D0EE-4B62-88A6-0A4B81E55EB3}.Release|Any CPU.Build.0 = Release|Any CPU
	EndGlobalSection
	GlobalSection(SolutionProperties) = preSolution
		HideSolutionNode = FALSE
	EndGlobalSection
	GlobalSection(ExtensibilityGlobals) = postSolution
		SolutionGuid = {38918925-467A-44DD-BE80-FA2981D72767}
	EndGlobalSection
EndGlobal
