
Microsoft Visual Studio Solution File, Format Version 12.00
# Visual Studio 15
VisualStudioVersion = 15.0.28307.1000
MinimumVisualStudioVersion = 10.0.40219.1
Project("{FAE04EC0-301F-11D3-BF4B-00C04F79EFBC}") = "WindowsFormsApp1", "WindowsFormsApp1\WindowsFormsApp1.csproj", "{D69F9C9F-1722-40DC-A0AA-D1B3F76F31DE}"
EndProject
Global
	GlobalSection(SolutionConfigurationPlatforms) = preSolution
		Debug|Any CPU = Debug|Any CPU
		Release|Any CPU = Release|Any CPU
	EndGlobalSection
	GlobalSection(ProjectConfigurationPlatforms) = postSolution
		{D69F9C9F-1722-40DC-A0AA-D1B3F76F31DE}.Debug|Any CPU.ActiveCfg = Debug|Any CPU
		{D69F9C9F-1722-40DC-A0AA-D1B3F76F31DE}.Debug|Any CPU.Build.0 = Debug|Any CPU
		{D69F9C9F-1722-40DC-A0AA-D1B3F76F31DE}.Release|Any CPU.ActiveCfg = Release|Any CPU
		{D69F9C9F-1722-40DC-A0AA-D1B3F76F31DE}.Release|Any CPU.Build.0 = Release|Any CPU
	EndGlobalSection
	GlobalSection(SolutionProperties) = preSolution
		HideSolutionNode = FALSE
	EndGlobalSection
	GlobalSection(ExtensibilityGlobals) = postSolution
		SolutionGuid = {CB4BA52A-B082-4375-831B-C41C1818D7C0}
	EndGlobalSection
EndGlobal
